// !$*UTF8*$!
{
	archiveVersion = 1;
	classes = {
	};
	objectVersion = 50;
	objects = {

/* Begin PBXBuildFile section */
		CC15F7E324CB291400759D29 /* CharactersDetailViewController.swift in Sources */ = {isa = PBXBuildFile; fileRef = CC15F7E224CB291400759D29 /* CharactersDetailViewController.swift */; };
		CC5891F024C9B1BD0059CFA6 /* AppDelegate.swift in Sources */ = {isa = PBXBuildFile; fileRef = CC5891EF24C9B1BD0059CFA6 /* AppDelegate.swift */; };
		CC5891F224C9B1BD0059CFA6 /* SceneDelegate.swift in Sources */ = {isa = PBXBuildFile; fileRef = CC5891F124C9B1BD0059CFA6 /* SceneDelegate.swift */; };
		CC5891F424C9B1BD0059CFA6 /* InitialViewController.swift in Sources */ = {isa = PBXBuildFile; fileRef = CC5891F324C9B1BD0059CFA6 /* InitialViewController.swift */; };
		CC5891F724C9B1BD0059CFA6 /* Main.storyboard in Resources */ = {isa = PBXBuildFile; fileRef = CC5891F524C9B1BD0059CFA6 /* Main.storyboard */; };
		CC5891F924C9B1BF0059CFA6 /* Assets.xcassets in Resources */ = {isa = PBXBuildFile; fileRef = CC5891F824C9B1BF0059CFA6 /* Assets.xcassets */; };
		CC5891FC24C9B1BF0059CFA6 /* LaunchScreen.storyboard in Resources */ = {isa = PBXBuildFile; fileRef = CC5891FA24C9B1BF0059CFA6 /* LaunchScreen.storyboard */; };
		CC58920724C9B1C00059CFA6 /* HarryPotterTests.swift in Sources */ = {isa = PBXBuildFile; fileRef = CC58920624C9B1C00059CFA6 /* HarryPotterTests.swift */; };
		CC58921E24C9B6960059CFA6 /* Networking.swift in Sources */ = {isa = PBXBuildFile; fileRef = CC58921D24C9B6960059CFA6 /* Networking.swift */; };
		CC58922124C9C3C70059CFA6 /* API.swift in Sources */ = {isa = PBXBuildFile; fileRef = CC58922024C9C3C70059CFA6 /* API.swift */; };
		CC58922424C9C3E90059CFA6 /* House.swift in Sources */ = {isa = PBXBuildFile; fileRef = CC58922324C9C3E90059CFA6 /* House.swift */; };
		CC58922624C9C7A30059CFA6 /* NetworkingError.swift in Sources */ = {isa = PBXBuildFile; fileRef = CC58922524C9C7A30059CFA6 /* NetworkingError.swift */; };
		CC58932124C9E25B0059CFA6 /* Constants.swift in Sources */ = {isa = PBXBuildFile; fileRef = CC58932024C9E25B0059CFA6 /* Constants.swift */; };
		CC58932324C9E4C80059CFA6 /* Character.swift in Sources */ = {isa = PBXBuildFile; fileRef = CC58932224C9E4C80059CFA6 /* Character.swift */; };
		CC58932524C9E6160059CFA6 /* HouseViewController.swift in Sources */ = {isa = PBXBuildFile; fileRef = CC58932424C9E6160059CFA6 /* HouseViewController.swift */; };
		CC5B18D024CB2DA300B88E81 /* Spells.storyboard in Resources */ = {isa = PBXBuildFile; fileRef = CC5B18CF24CB2DA300B88E81 /* Spells.storyboard */; };
		CC5B18D224CB2DDE00B88E81 /* SpellsViewController.swift in Sources */ = {isa = PBXBuildFile; fileRef = CC5B18D124CB2DDE00B88E81 /* SpellsViewController.swift */; };
		CC5B18D424CB303100B88E81 /* Spell.swift in Sources */ = {isa = PBXBuildFile; fileRef = CC5B18D324CB303100B88E81 /* Spell.swift */; };
		CCA3D60E24C9EA9D006F2872 /* House.storyboard in Resources */ = {isa = PBXBuildFile; fileRef = CCA3D60C24C9EA9D006F2872 /* House.storyboard */; };
		CCA3D61024C9EB86006F2872 /* Characters.storyboard in Resources */ = {isa = PBXBuildFile; fileRef = CCA3D60F24C9EB86006F2872 /* Characters.storyboard */; };
		CCA3D61324C9EB9B006F2872 /* CharactersViewController.swift in Sources */ = {isa = PBXBuildFile; fileRef = CCA3D61224C9EB9B006F2872 /* CharactersViewController.swift */; };
/* End PBXBuildFile section */

/* Begin PBXContainerItemProxy section */
		CC58920324C9B1C00059CFA6 /* PBXContainerItemProxy */ = {
			isa = PBXContainerItemProxy;
			containerPortal = CC5891E424C9B1BD0059CFA6 /* Project object */;
			proxyType = 1;
			remoteGlobalIDString = CC5891EB24C9B1BD0059CFA6;
			remoteInfo = HarryPotter;
		};
/* End PBXContainerItemProxy section */

/* Begin PBXFileReference section */
		CC15F7E224CB291400759D29 /* CharactersDetailViewController.swift */ = {isa = PBXFileReference; lastKnownFileType = sourcecode.swift; path = CharactersDetailViewController.swift; sourceTree = "<group>"; };
		CC5891EC24C9B1BD0059CFA6 /* HarryPotter.app */ = {isa = PBXFileReference; explicitFileType = wrapper.application; includeInIndex = 0; path = HarryPotter.app; sourceTree = BUILT_PRODUCTS_DIR; };
		CC5891EF24C9B1BD0059CFA6 /* AppDelegate.swift */ = {isa = PBXFileReference; lastKnownFileType = sourcecode.swift; path = AppDelegate.swift; sourceTree = "<group>"; };
		CC5891F124C9B1BD0059CFA6 /* SceneDelegate.swift */ = {isa = PBXFileReference; lastKnownFileType = sourcecode.swift; path = SceneDelegate.swift; sourceTree = "<group>"; };
		CC5891F324C9B1BD0059CFA6 /* InitialViewController.swift */ = {isa = PBXFileReference; lastKnownFileType = sourcecode.swift; path = InitialViewController.swift; sourceTree = "<group>"; };
		CC5891F624C9B1BD0059CFA6 /* Base */ = {isa = PBXFileReference; lastKnownFileType = file.storyboard; name = Base; path = Base.lproj/Main.storyboard; sourceTree = "<group>"; };
		CC5891F824C9B1BF0059CFA6 /* Assets.xcassets */ = {isa = PBXFileReference; lastKnownFileType = folder.assetcatalog; path = Assets.xcassets; sourceTree = "<group>"; };
		CC5891FB24C9B1BF0059CFA6 /* Base */ = {isa = PBXFileReference; lastKnownFileType = file.storyboard; name = Base; path = Base.lproj/LaunchScreen.storyboard; sourceTree = "<group>"; };
		CC5891FD24C9B1BF0059CFA6 /* Info.plist */ = {isa = PBXFileReference; lastKnownFileType = text.plist.xml; path = Info.plist; sourceTree = "<group>"; };
		CC58920224C9B1C00059CFA6 /* HarryPotterTests.xctest */ = {isa = PBXFileReference; explicitFileType = wrapper.cfbundle; includeInIndex = 0; path = HarryPotterTests.xctest; sourceTree = BUILT_PRODUCTS_DIR; };
		CC58920624C9B1C00059CFA6 /* HarryPotterTests.swift */ = {isa = PBXFileReference; lastKnownFileType = sourcecode.swift; path = HarryPotterTests.swift; sourceTree = "<group>"; };
		CC58920824C9B1C00059CFA6 /* Info.plist */ = {isa = PBXFileReference; lastKnownFileType = text.plist.xml; path = Info.plist; sourceTree = "<group>"; };
		CC58921D24C9B6960059CFA6 /* Networking.swift */ = {isa = PBXFileReference; lastKnownFileType = sourcecode.swift; path = Networking.swift; sourceTree = "<group>"; };
		CC58922024C9C3C70059CFA6 /* API.swift */ = {isa = PBXFileReference; lastKnownFileType = sourcecode.swift; path = API.swift; sourceTree = "<group>"; };
		CC58922324C9C3E90059CFA6 /* House.swift */ = {isa = PBXFileReference; lastKnownFileType = sourcecode.swift; path = House.swift; sourceTree = "<group>"; };
		CC58922524C9C7A30059CFA6 /* NetworkingError.swift */ = {isa = PBXFileReference; lastKnownFileType = sourcecode.swift; path = NetworkingError.swift; sourceTree = "<group>"; };
		CC58932024C9E25B0059CFA6 /* Constants.swift */ = {isa = PBXFileReference; lastKnownFileType = sourcecode.swift; path = Constants.swift; sourceTree = "<group>"; };
		CC58932224C9E4C80059CFA6 /* Character.swift */ = {isa = PBXFileReference; lastKnownFileType = sourcecode.swift; path = Character.swift; sourceTree = "<group>"; };
		CC58932424C9E6160059CFA6 /* HouseViewController.swift */ = {isa = PBXFileReference; lastKnownFileType = sourcecode.swift; path = HouseViewController.swift; sourceTree = "<group>"; };
		CC5B18CF24CB2DA300B88E81 /* Spells.storyboard */ = {isa = PBXFileReference; lastKnownFileType = file.storyboard; path = Spells.storyboard; sourceTree = "<group>"; };
		CC5B18D124CB2DDE00B88E81 /* SpellsViewController.swift */ = {isa = PBXFileReference; lastKnownFileType = sourcecode.swift; path = SpellsViewController.swift; sourceTree = "<group>"; };
		CC5B18D324CB303100B88E81 /* Spell.swift */ = {isa = PBXFileReference; lastKnownFileType = sourcecode.swift; path = Spell.swift; sourceTree = "<group>"; };
		CCA3D60D24C9EA9D006F2872 /* Base */ = {isa = PBXFileReference; lastKnownFileType = file.storyboard; name = Base; path = HarryPotter/Base.lproj/House.storyboard; sourceTree = "<group>"; };
		CCA3D60F24C9EB86006F2872 /* Characters.storyboard */ = {isa = PBXFileReference; lastKnownFileType = file.storyboard; path = Characters.storyboard; sourceTree = "<group>"; };
		CCA3D61224C9EB9B006F2872 /* CharactersViewController.swift */ = {isa = PBXFileReference; lastKnownFileType = sourcecode.swift; path = CharactersViewController.swift; sourceTree = "<group>"; };
/* End PBXFileReference section */

/* Begin PBXFrameworksBuildPhase section */
		CC5891E924C9B1BD0059CFA6 /* Frameworks */ = {
			isa = PBXFrameworksBuildPhase;
			buildActionMask = 2147483647;
			files = (
			);
			runOnlyForDeploymentPostprocessing = 0;
		};
		CC5891FF24C9B1C00059CFA6 /* Frameworks */ = {
			isa = PBXFrameworksBuildPhase;
			buildActionMask = 2147483647;
			files = (
			);
			runOnlyForDeploymentPostprocessing = 0;
		};
/* End PBXFrameworksBuildPhase section */

/* Begin PBXGroup section */
		CC5891E324C9B1BD0059CFA6 = {
			isa = PBXGroup;
			children = (
				CC5891EE24C9B1BD0059CFA6 /* HarryPotter */,
				CC58920524C9B1C00059CFA6 /* HarryPotterTests */,
				CC5891ED24C9B1BD0059CFA6 /* Products */,
			);
			sourceTree = "<group>";
		};
		CC5891ED24C9B1BD0059CFA6 /* Products */ = {
			isa = PBXGroup;
			children = (
				CC5891EC24C9B1BD0059CFA6 /* HarryPotter.app */,
				CC58920224C9B1C00059CFA6 /* HarryPotterTests.xctest */,
			);
			name = Products;
			sourceTree = "<group>";
		};
		CC5891EE24C9B1BD0059CFA6 /* HarryPotter */ = {
			isa = PBXGroup;
			children = (
				CC5891EF24C9B1BD0059CFA6 /* AppDelegate.swift */,
				CC58922224C9C3D90059CFA6 /* Models */,
				CC58921F24C9C3730059CFA6 /* Networking */,
				CC5891F824C9B1BF0059CFA6 /* Assets.xcassets */,
				CCA3D61124C9EB8E006F2872 /* Characters */,
				CC58932024C9E25B0059CFA6 /* Constants.swift */,
				CCA3D60B24C9EA6B006F2872 /* House */,
				CC5B18CE24CB2D4700B88E81 /* Spells */,
				CC5891FD24C9B1BF0059CFA6 /* Info.plist */,
				CC5891F324C9B1BD0059CFA6 /* InitialViewController.swift */,
				CC5891FA24C9B1BF0059CFA6 /* LaunchScreen.storyboard */,
				CC5891F524C9B1BD0059CFA6 /* Main.storyboard */,
				CC5891F124C9B1BD0059CFA6 /* SceneDelegate.swift */,
			);
			path = HarryPotter;
			sourceTree = "<group>";
		};
		CC58920524C9B1C00059CFA6 /* HarryPotterTests */ = {
			isa = PBXGroup;
			children = (
				CC58920624C9B1C00059CFA6 /* HarryPotterTests.swift */,
				CC58920824C9B1C00059CFA6 /* Info.plist */,
			);
			path = HarryPotterTests;
			sourceTree = "<group>";
		};
		CC58921F24C9C3730059CFA6 /* Networking */ = {
			isa = PBXGroup;
			children = (
				CC58921D24C9B6960059CFA6 /* Networking.swift */,
				CC58922524C9C7A30059CFA6 /* NetworkingError.swift */,
				CC58922024C9C3C70059CFA6 /* API.swift */,
			);
			path = Networking;
			sourceTree = "<group>";
		};
		CC58922224C9C3D90059CFA6 /* Models */ = {
			isa = PBXGroup;
			children = (
				CC58922324C9C3E90059CFA6 /* House.swift */,
				CC5B18D324CB303100B88E81 /* Spell.swift */,
				CC58932224C9E4C80059CFA6 /* Character.swift */,
			);
			path = Models;
			sourceTree = "<group>";
		};
		CC5B18CE24CB2D4700B88E81 /* Spells */ = {
			isa = PBXGroup;
			children = (
				CC5B18D124CB2DDE00B88E81 /* SpellsViewController.swift */,
				CC5B18CF24CB2DA300B88E81 /* Spells.storyboard */,
			);
			path = Spells;
			sourceTree = "<group>";
		};
		CCA3D60B24C9EA6B006F2872 /* House */ = {
			isa = PBXGroup;
			children = (
				CC58932424C9E6160059CFA6 /* HouseViewController.swift */,
				CCA3D60C24C9EA9D006F2872 /* House.storyboard */,
			);
			path = House;
			sourceTree = "<group>";
		};
		CCA3D61124C9EB8E006F2872 /* Characters */ = {
			isa = PBXGroup;
			children = (
				CCA3D60F24C9EB86006F2872 /* Characters.storyboard */,
				CCA3D61224C9EB9B006F2872 /* CharactersViewController.swift */,
				CC15F7E224CB291400759D29 /* CharactersDetailViewController.swift */,
			);
			path = Characters;
			sourceTree = "<group>";
		};
/* End PBXGroup section */

/* Begin PBXNativeTarget section */
		CC5891EB24C9B1BD0059CFA6 /* HarryPotter */ = {
			isa = PBXNativeTarget;
			buildConfigurationList = CC58920B24C9B1C00059CFA6 /* Build configuration list for PBXNativeTarget "HarryPotter" */;
			buildPhases = (
				CC5891E824C9B1BD0059CFA6 /* Sources */,
				CC5891E924C9B1BD0059CFA6 /* Frameworks */,
				CC5891EA24C9B1BD0059CFA6 /* Resources */,
			);
			buildRules = (
			);
			dependencies = (
			);
			name = HarryPotter;
			productName = HarryPotter;
			productReference = CC5891EC24C9B1BD0059CFA6 /* HarryPotter.app */;
			productType = "com.apple.product-type.application";
		};
		CC58920124C9B1C00059CFA6 /* HarryPotterTests */ = {
			isa = PBXNativeTarget;
			buildConfigurationList = CC58920E24C9B1C00059CFA6 /* Build configuration list for PBXNativeTarget "HarryPotterTests" */;
			buildPhases = (
				CC5891FE24C9B1C00059CFA6 /* Sources */,
				CC5891FF24C9B1C00059CFA6 /* Frameworks */,
				CC58920024C9B1C00059CFA6 /* Resources */,
			);
			buildRules = (
			);
			dependencies = (
				CC58920424C9B1C00059CFA6 /* PBXTargetDependency */,
			);
			name = HarryPotterTests;
			productName = HarryPotterTests;
			productReference = CC58920224C9B1C00059CFA6 /* HarryPotterTests.xctest */;
			productType = "com.apple.product-type.bundle.unit-test";
		};
/* End PBXNativeTarget section */

/* Begin PBXProject section */
		CC5891E424C9B1BD0059CFA6 /* Project object */ = {
			isa = PBXProject;
			attributes = {
				LastSwiftUpdateCheck = 1130;
				LastUpgradeCheck = 1130;
				ORGANIZATIONNAME = "Jackson, Ceri-anne";
				TargetAttributes = {
					CC5891EB24C9B1BD0059CFA6 = {
						CreatedOnToolsVersion = 11.3.1;
					};
					CC58920124C9B1C00059CFA6 = {
						CreatedOnToolsVersion = 11.3.1;
						TestTargetID = CC5891EB24C9B1BD0059CFA6;
					};
				};
			};
			buildConfigurationList = CC5891E724C9B1BD0059CFA6 /* Build configuration list for PBXProject "HarryPotter" */;
			compatibilityVersion = "Xcode 9.3";
			developmentRegion = en;
			hasScannedForEncodings = 0;
			knownRegions = (
				en,
				Base,
			);
			mainGroup = CC5891E324C9B1BD0059CFA6;
			productRefGroup = CC5891ED24C9B1BD0059CFA6 /* Products */;
			projectDirPath = "";
			projectRoot = "";
			targets = (
				CC5891EB24C9B1BD0059CFA6 /* HarryPotter */,
				CC58920124C9B1C00059CFA6 /* HarryPotterTests */,
			);
		};
/* End PBXProject section */

/* Begin PBXResourcesBuildPhase section */
		CC5891EA24C9B1BD0059CFA6 /* Resources */ = {
			isa = PBXResourcesBuildPhase;
			buildActionMask = 2147483647;
			files = (
				CC5891FC24C9B1BF0059CFA6 /* LaunchScreen.storyboard in Resources */,
				CC5891F924C9B1BF0059CFA6 /* Assets.xcassets in Resources */,
				CC5891F724C9B1BD0059CFA6 /* Main.storyboard in Resources */,
				CCA3D61024C9EB86006F2872 /* Characters.storyboard in Resources */,
				CCA3D60E24C9EA9D006F2872 /* House.storyboard in Resources */,
				CC5B18D024CB2DA300B88E81 /* Spells.storyboard in Resources */,
			);
			runOnlyForDeploymentPostprocessing = 0;
		};
		CC58920024C9B1C00059CFA6 /* Resources */ = {
			isa = PBXResourcesBuildPhase;
			buildActionMask = 2147483647;
			files = (
			);
			runOnlyForDeploymentPostprocessing = 0;
		};
/* End PBXResourcesBuildPhase section */

/* Begin PBXSourcesBuildPhase section */
		CC5891E824C9B1BD0059CFA6 /* Sources */ = {
			isa = PBXSourcesBuildPhase;
			buildActionMask = 2147483647;
			files = (
				CC5B18D424CB303100B88E81 /* Spell.swift in Sources */,
				CC5891F424C9B1BD0059CFA6 /* InitialViewController.swift in Sources */,
				CC5891F024C9B1BD0059CFA6 /* AppDelegate.swift in Sources */,
				CC5891F224C9B1BD0059CFA6 /* SceneDelegate.swift in Sources */,
				CC5B18D224CB2DDE00B88E81 /* SpellsViewController.swift in Sources */,
				CCA3D61324C9EB9B006F2872 /* CharactersViewController.swift in Sources */,
				CC58922624C9C7A30059CFA6 /* NetworkingError.swift in Sources */,
				CC58921E24C9B6960059CFA6 /* Networking.swift in Sources */,
				CC58932524C9E6160059CFA6 /* HouseViewController.swift in Sources */,
				CC15F7E324CB291400759D29 /* CharactersDetailViewController.swift in Sources */,
				CC58922424C9C3E90059CFA6 /* House.swift in Sources */,
				CC58922124C9C3C70059CFA6 /* API.swift in Sources */,
				CC58932324C9E4C80059CFA6 /* Character.swift in Sources */,
				CC58932124C9E25B0059CFA6 /* Constants.swift in Sources */,
			);
			runOnlyForDeploymentPostprocessing = 0;
		};
		CC5891FE24C9B1C00059CFA6 /* Sources */ = {
			isa = PBXSourcesBuildPhase;
			buildActionMask = 2147483647;
			files = (
				CC58920724C9B1C00059CFA6 /* HarryPotterTests.swift in Sources */,
			);
			runOnlyForDeploymentPostprocessing = 0;
		};
/* End PBXSourcesBuildPhase section */

/* Begin PBXTargetDependency section */
		CC58920424C9B1C00059CFA6 /* PBXTargetDependency */ = {
			isa = PBXTargetDependency;
			target = CC5891EB24C9B1BD0059CFA6 /* HarryPotter */;
			targetProxy = CC58920324C9B1C00059CFA6 /* PBXContainerItemProxy */;
		};
/* End PBXTargetDependency section */

/* Begin PBXVariantGroup section */
		CC5891F524C9B1BD0059CFA6 /* Main.storyboard */ = {
			isa = PBXVariantGroup;
			children = (
				CC5891F624C9B1BD0059CFA6 /* Base */,
			);
			name = Main.storyboard;
			sourceTree = "<group>";
		};
		CC5891FA24C9B1BF0059CFA6 /* LaunchScreen.storyboard */ = {
			isa = PBXVariantGroup;
			children = (
				CC5891FB24C9B1BF0059CFA6 /* Base */,
			);
			name = LaunchScreen.storyboard;
			sourceTree = "<group>";
		};
		CCA3D60C24C9EA9D006F2872 /* House.storyboard */ = {
			isa = PBXVariantGroup;
			children = (
				CCA3D60D24C9EA9D006F2872 /* Base */,
			);
			name = House.storyboard;
			sourceTree = "<group>";
		};
/* End PBXVariantGroup section */

/* Begin XCBuildConfiguration section */
		CC58920924C9B1C00059CFA6 /* Debug */ = {
			isa = XCBuildConfiguration;
			buildSettings = {
				ALWAYS_SEARCH_USER_PATHS = NO;
				CLANG_ANALYZER_NONNULL = YES;
				CLANG_ANALYZER_NUMBER_OBJECT_CONVERSION = YES_AGGRESSIVE;
				CLANG_CXX_LANGUAGE_STANDARD = "gnu++14";
				CLANG_CXX_LIBRARY = "libc++";
				CLANG_ENABLE_MODULES = YES;
				CLANG_ENABLE_OBJC_ARC = YES;
				CLANG_ENABLE_OBJC_WEAK = YES;
				CLANG_WARN_BLOCK_CAPTURE_AUTORELEASING = YES;
				CLANG_WARN_BOOL_CONVERSION = YES;
				CLANG_WARN_COMMA = YES;
				CLANG_WARN_CONSTANT_CONVERSION = YES;
				CLANG_WARN_DEPRECATED_OBJC_IMPLEMENTATIONS = YES;
				CLANG_WARN_DIRECT_OBJC_ISA_USAGE = YES_ERROR;
				CLANG_WARN_DOCUMENTATION_COMMENTS = YES;
				CLANG_WARN_EMPTY_BODY = YES;
				CLANG_WARN_ENUM_CONVERSION = YES;
				CLANG_WARN_INFINITE_RECURSION = YES;
				CLANG_WARN_INT_CONVERSION = YES;
				CLANG_WARN_NON_LITERAL_NULL_CONVERSION = YES;
				CLANG_WARN_OBJC_IMPLICIT_RETAIN_SELF = YES;
				CLANG_WARN_OBJC_LITERAL_CONVERSION = YES;
				CLANG_WARN_OBJC_ROOT_CLASS = YES_ERROR;
				CLANG_WARN_RANGE_LOOP_ANALYSIS = YES;
				CLANG_WARN_STRICT_PROTOTYPES = YES;
				CLANG_WARN_SUSPICIOUS_MOVE = YES;
				CLANG_WARN_UNGUARDED_AVAILABILITY = YES_AGGRESSIVE;
				CLANG_WARN_UNREACHABLE_CODE = YES;
				CLANG_WARN__DUPLICATE_METHOD_MATCH = YES;
				COPY_PHASE_STRIP = NO;
				DEBUG_INFORMATION_FORMAT = dwarf;
				ENABLE_STRICT_OBJC_MSGSEND = YES;
				ENABLE_TESTABILITY = YES;
				GCC_C_LANGUAGE_STANDARD = gnu11;
				GCC_DYNAMIC_NO_PIC = NO;
				GCC_NO_COMMON_BLOCKS = YES;
				GCC_OPTIMIZATION_LEVEL = 0;
				GCC_PREPROCESSOR_DEFINITIONS = (
					"DEBUG=1",
					"$(inherited)",
				);
				GCC_WARN_64_TO_32_BIT_CONVERSION = YES;
				GCC_WARN_ABOUT_RETURN_TYPE = YES_ERROR;
				GCC_WARN_UNDECLARED_SELECTOR = YES;
				GCC_WARN_UNINITIALIZED_AUTOS = YES_AGGRESSIVE;
				GCC_WARN_UNUSED_FUNCTION = YES;
				GCC_WARN_UNUSED_VARIABLE = YES;
				IPHONEOS_DEPLOYMENT_TARGET = 13.2;
				MTL_ENABLE_DEBUG_INFO = INCLUDE_SOURCE;
				MTL_FAST_MATH = YES;
				ONLY_ACTIVE_ARCH = YES;
				SDKROOT = iphoneos;
				SWIFT_ACTIVE_COMPILATION_CONDITIONS = DEBUG;
				SWIFT_OPTIMIZATION_LEVEL = "-Onone";
			};
			name = Debug;
		};
		CC58920A24C9B1C00059CFA6 /* Release */ = {
			isa = XCBuildConfiguration;
			buildSettings = {
				ALWAYS_SEARCH_USER_PATHS = NO;
				CLANG_ANALYZER_NONNULL = YES;
				CLANG_ANALYZER_NUMBER_OBJECT_CONVERSION = YES_AGGRESSIVE;
				CLANG_CXX_LANGUAGE_STANDARD = "gnu++14";
				CLANG_CXX_LIBRARY = "libc++";
				CLANG_ENABLE_MODULES = YES;
				CLANG_ENABLE_OBJC_ARC = YES;
				CLANG_ENABLE_OBJC_WEAK = YES;
				CLANG_WARN_BLOCK_CAPTURE_AUTORELEASING = YES;
				CLANG_WARN_BOOL_CONVERSION = YES;
				CLANG_WARN_COMMA = YES;
				CLANG_WARN_CONSTANT_CONVERSION = YES;
				CLANG_WARN_DEPRECATED_OBJC_IMPLEMENTATIONS = YES;
				CLANG_WARN_DIRECT_OBJC_ISA_USAGE = YES_ERROR;
				CLANG_WARN_DOCUMENTATION_COMMENTS = YES;
				CLANG_WARN_EMPTY_BODY = YES;
				CLANG_WARN_ENUM_CONVERSION = YES;
				CLANG_WARN_INFINITE_RECURSION = YES;
				CLANG_WARN_INT_CONVERSION = YES;
				CLANG_WARN_NON_LITERAL_NULL_CONVERSION = YES;
				CLANG_WARN_OBJC_IMPLICIT_RETAIN_SELF = YES;
				CLANG_WARN_OBJC_LITERAL_CONVERSION = YES;
				CLANG_WARN_OBJC_ROOT_CLASS = YES_ERROR;
				CLANG_WARN_RANGE_LOOP_ANALYSIS = YES;
				CLANG_WARN_STRICT_PROTOTYPES = YES;
				CLANG_WARN_SUSPICIOUS_MOVE = YES;
				CLANG_WARN_UNGUARDED_AVAILABILITY = YES_AGGRESSIVE;
				CLANG_WARN_UNREACHABLE_CODE = YES;
				CLANG_WARN__DUPLICATE_METHOD_MATCH = YES;
				COPY_PHASE_STRIP = NO;
				DEBUG_INFORMATION_FORMAT = "dwarf-with-dsym";
				ENABLE_NS_ASSERTIONS = NO;
				ENABLE_STRICT_OBJC_MSGSEND = YES;
				GCC_C_LANGUAGE_STANDARD = gnu11;
				GCC_NO_COMMON_BLOCKS = YES;
				GCC_WARN_64_TO_32_BIT_CONVERSION = YES;
				GCC_WARN_ABOUT_RETURN_TYPE = YES_ERROR;
				GCC_WARN_UNDECLARED_SELECTOR = YES;
				GCC_WARN_UNINITIALIZED_AUTOS = YES_AGGRESSIVE;
				GCC_WARN_UNUSED_FUNCTION = YES;
				GCC_WARN_UNUSED_VARIABLE = YES;
				IPHONEOS_DEPLOYMENT_TARGET = 13.2;
				MTL_ENABLE_DEBUG_INFO = NO;
				MTL_FAST_MATH = YES;
				SDKROOT = iphoneos;
				SWIFT_COMPILATION_MODE = wholemodule;
				SWIFT_OPTIMIZATION_LEVEL = "-O";
				VALIDATE_PRODUCT = YES;
			};
			name = Release;
		};
		CC58920C24C9B1C00059CFA6 /* Debug */ = {
			isa = XCBuildConfiguration;
			buildSettings = {
				ASSETCATALOG_COMPILER_APPICON_NAME = AppIcon;
				CODE_SIGN_STYLE = Automatic;
				INFOPLIST_FILE = HarryPotter/Info.plist;
				LD_RUNPATH_SEARCH_PATHS = (
					"$(inherited)",
					"@executable_path/Frameworks",
				);
				PRODUCT_BUNDLE_IDENTIFIER = "uk.co.ceri-anne.HarryPotter";
				PRODUCT_NAME = "$(TARGET_NAME)";
				SWIFT_VERSION = 5.0;
				TARGETED_DEVICE_FAMILY = "1,2";
			};
			name = Debug;
		};
		CC58920D24C9B1C00059CFA6 /* Release */ = {
			isa = XCBuildConfiguration;
			buildSettings = {
				ASSETCATALOG_COMPILER_APPICON_NAME = AppIcon;
				CODE_SIGN_STYLE = Automatic;
				INFOPLIST_FILE = HarryPotter/Info.plist;
				LD_RUNPATH_SEARCH_PATHS = (
					"$(inherited)",
					"@executable_path/Frameworks",
				);
				PRODUCT_BUNDLE_IDENTIFIER = "uk.co.ceri-anne.HarryPotter";
				PRODUCT_NAME = "$(TARGET_NAME)";
				SWIFT_VERSION = 5.0;
				TARGETED_DEVICE_FAMILY = "1,2";
			};
			name = Release;
		};
		CC58920F24C9B1C00059CFA6 /* Debug */ = {
			isa = XCBuildConfiguration;
			buildSettings = {
				ALWAYS_EMBED_SWIFT_STANDARD_LIBRARIES = YES;
				BUNDLE_LOADER = "$(TEST_HOST)";
				CODE_SIGN_STYLE = Automatic;
				INFOPLIST_FILE = HarryPotterTests/Info.plist;
				IPHONEOS_DEPLOYMENT_TARGET = 13.2;
				LD_RUNPATH_SEARCH_PATHS = (
					"$(inherited)",
					"@executable_path/Frameworks",
					"@loader_path/Frameworks",
				);
				PRODUCT_BUNDLE_IDENTIFIER = "uk.co.ceri-anne.HarryPotterTests";
				PRODUCT_NAME = "$(TARGET_NAME)";
				SWIFT_VERSION = 5.0;
				TARGETED_DEVICE_FAMILY = "1,2";
				TEST_HOST = "$(BUILT_PRODUCTS_DIR)/HarryPotter.app/HarryPotter";
			};
			name = Debug;
		};
		CC58921024C9B1C00059CFA6 /* Release */ = {
			isa = XCBuildConfiguration;
			buildSettings = {
				ALWAYS_EMBED_SWIFT_STANDARD_LIBRARIES = YES;
				BUNDLE_LOADER = "$(TEST_HOST)";
				CODE_SIGN_STYLE = Automatic;
				INFOPLIST_FILE = HarryPotterTests/Info.plist;
				IPHONEOS_DEPLOYMENT_TARGET = 13.2;
				LD_RUNPATH_SEARCH_PATHS = (
					"$(inherited)",
					"@executable_path/Frameworks",
					"@loader_path/Frameworks",
				);
				PRODUCT_BUNDLE_IDENTIFIER = "uk.co.ceri-anne.HarryPotterTests";
				PRODUCT_NAME = "$(TARGET_NAME)";
				SWIFT_VERSION = 5.0;
				TARGETED_DEVICE_FAMILY = "1,2";
				TEST_HOST = "$(BUILT_PRODUCTS_DIR)/HarryPotter.app/HarryPotter";
			};
			name = Release;
		};
/* End XCBuildConfiguration section */

/* Begin XCConfigurationList section */
		CC5891E724C9B1BD0059CFA6 /* Build configuration list for PBXProject "HarryPotter" */ = {
			isa = XCConfigurationList;
			buildConfigurations = (
				CC58920924C9B1C00059CFA6 /* Debug */,
				CC58920A24C9B1C00059CFA6 /* Release */,
			);
			defaultConfigurationIsVisible = 0;
			defaultConfigurationName = Release;
		};
		CC58920B24C9B1C00059CFA6 /* Build configuration list for PBXNativeTarget "HarryPotter" */ = {
			isa = XCConfigurationList;
			buildConfigurations = (
				CC58920C24C9B1C00059CFA6 /* Debug */,
				CC58920D24C9B1C00059CFA6 /* Release */,
			);
			defaultConfigurationIsVisible = 0;
			defaultConfigurationName = Release;
		};
		CC58920E24C9B1C00059CFA6 /* Build configuration list for PBXNativeTarget "HarryPotterTests" */ = {
			isa = XCConfigurationList;
			buildConfigurations = (
				CC58920F24C9B1C00059CFA6 /* Debug */,
				CC58921024C9B1C00059CFA6 /* Release */,
			);
			defaultConfigurationIsVisible = 0;
			defaultConfigurationName = Release;
		};
/* End XCConfigurationList section */
	};
	rootObject = CC5891E424C9B1BD0059CFA6 /* Project object */;
}
